
Microsoft Visual Studio Solution File, Format Version 12.00
# Visual Studio 2012
Project("{FAE04EC0-301F-11D3-BF4B-00C04F79EFBC}") = "CamadoWin8.App", "CamadoWin8.App\CamadoWin8.App.csproj", "{3F2F043B-9F85-46D9-A997-4CB63068C7B4}"
EndProject
Project("{FAE04EC0-301F-11D3-BF4B-00C04F79EFBC}") = "CamadoWin8.Contracts", "CamadoWin8.Contracts\CamadoWin8.Contracts.csproj", "{DCFF7E2F-0F07-40C6-BB77-FA2A97489C63}"
EndProject
Project("{FAE04EC0-301F-11D3-BF4B-00C04F79EFBC}") = "CamadoWin8.Messages", "CamadoWin8.Messages\CamadoWin8.Messages.csproj", "{4808709F-6A37-4D17-8E12-C839C2282385}"
EndProject
Project("{FAE04EC0-301F-11D3-BF4B-00C04F79EFBC}") = "CamadoWin8.Model", "CamadoWin8.Model\CamadoWin8.Model.csproj", "{3BE1E94A-019D-4AF0-B3C6-73CA732D30D8}"
EndProject
Project("{FAE04EC0-301F-11D3-BF4B-00C04F79EFBC}") = "CamadoWin8.Repositories", "CamadoWin8.Repositories\CamadoWin8.Repositories.csproj", "{36624887-084D-44A3-9EFD-9EEF83C78964}"
EndProject
Project("{FAE04EC0-301F-11D3-BF4B-00C04F79EFBC}") = "CamadoWin8.ServiceClient", "CamadoWin8.ServiceClient\CamadoWin8.ServiceClient.csproj", "{9AE6A34F-DDAF-4C8B-9A5F-8E1B341CC173}"
	ProjectSection(ProjectDependencies) = postProject
		{4AA0F230-C3C4-4FF0-8D0D-960BFD34ACDD} = {4AA0F230-C3C4-4FF0-8D0D-960BFD34ACDD}
	EndProjectSection
EndProject
Project("{FAE04EC0-301F-11D3-BF4B-00C04F79EFBC}") = "CamadoWin8.Services", "CamadoWin8.Services\CamadoWin8.Services.csproj", "{4C3A4148-43AE-4FD1-825C-A96FA4871381}"
EndProject
Project("{FAE04EC0-301F-11D3-BF4B-00C04F79EFBC}") = "CamadoWin8.Shared", "CamadoWin8.Shared\CamadoWin8.Shared.csproj", "{5A085948-A9C5-43BE-B564-60C7AC4F6858}"
EndProject
Project("{FAE04EC0-301F-11D3-BF4B-00C04F79EFBC}") = "CamadoWin8.ViewModel", "CamadoWin8.ViewModel\CamadoWin8.ViewModel.csproj", "{FE121977-BB99-4C73-B511-75D58A4EE857}"
EndProject
Project("{FAE04EC0-301F-11D3-BF4B-00C04F79EFBC}") = "CamadoWin8.Tests", "CamadoWin8.Tests\CamadoWin8.Tests.csproj", "{22F99FF7-D1E2-43ED-92EC-D6FCE38A9B65}"
EndProject
Project("{FAE04EC0-301F-11D3-BF4B-00C04F79EFBC}") = "CamadoWin8.Server", "CamadoWin8.Server\CamadoWin8.Server.csproj", "{4AA0F230-C3C4-4FF0-8D0D-960BFD34ACDD}"
EndProject
Project("{FAE04EC0-301F-11D3-BF4B-00C04F79EFBC}") = "NotificationsExtensions", "NotificationsExtensions\NotificationsExtensions.csproj", "{6E87464B-B064-40CA-8161-7C18C337ADFF}"
EndProject
Project("{2150E333-8FDC-42A3-9474-1A3956D46DE8}") = "Client", "Client", "{CD56930C-EB7C-4BAE-8203-18695355C461}"
EndProject
Project("{2150E333-8FDC-42A3-9474-1A3956D46DE8}") = "Server", "Server", "{3ED5A68E-79EF-426F-A581-794BD9456844}"
EndProject
Project("{FAE04EC0-301F-11D3-BF4B-00C04F79EFBC}") = "CamadoWin8.ServerDto", "CamadoWin8.ServerDto\CamadoWin8.ServerDto.csproj", "{A52D73A1-6AA5-4BBB-B98E-694F43A49140}"
EndProject
Global
	GlobalSection(SolutionConfigurationPlatforms) = preSolution
		Debug|Any CPU = Debug|Any CPU
		Debug|ARM = Debug|ARM
		Debug|Win32 = Debug|Win32
		Debug|x64 = Debug|x64
		Debug|x86 = Debug|x86
		Release|Any CPU = Release|Any CPU
		Release|ARM = Release|ARM
		Release|Win32 = Release|Win32
		Release|x64 = Release|x64
		Release|x86 = Release|x86
	EndGlobalSection
	GlobalSection(ProjectConfigurationPlatforms) = postSolution
		{3F2F043B-9F85-46D9-A997-4CB63068C7B4}.Debug|Any CPU.ActiveCfg = Debug|Any CPU
		{3F2F043B-9F85-46D9-A997-4CB63068C7B4}.Debug|Any CPU.Build.0 = Debug|Any CPU
		{3F2F043B-9F85-46D9-A997-4CB63068C7B4}.Debug|Any CPU.Deploy.0 = Debug|Any CPU
		{3F2F043B-9F85-46D9-A997-4CB63068C7B4}.Debug|ARM.ActiveCfg = Debug|ARM
		{3F2F043B-9F85-46D9-A997-4CB63068C7B4}.Debug|ARM.Build.0 = Debug|ARM
		{3F2F043B-9F85-46D9-A997-4CB63068C7B4}.Debug|ARM.Deploy.0 = Debug|ARM
		{3F2F043B-9F85-46D9-A997-4CB63068C7B4}.Debug|Win32.ActiveCfg = Debug|x86
		{3F2F043B-9F85-46D9-A997-4CB63068C7B4}.Debug|Win32.Build.0 = Debug|x86
		{3F2F043B-9F85-46D9-A997-4CB63068C7B4}.Debug|Win32.Deploy.0 = Debug|x86
		{3F2F043B-9F85-46D9-A997-4CB63068C7B4}.Debug|x64.ActiveCfg = Debug|x64
		{3F2F043B-9F85-46D9-A997-4CB63068C7B4}.Debug|x64.Build.0 = Debug|x64
		{3F2F043B-9F85-46D9-A997-4CB63068C7B4}.Debug|x64.Deploy.0 = Debug|x64
		{3F2F043B-9F85-46D9-A997-4CB63068C7B4}.Debug|x86.ActiveCfg = Debug|x86
		{3F2F043B-9F85-46D9-A997-4CB63068C7B4}.Debug|x86.Build.0 = Debug|x86
		{3F2F043B-9F85-46D9-A997-4CB63068C7B4}.Debug|x86.Deploy.0 = Debug|x86
		{3F2F043B-9F85-46D9-A997-4CB63068C7B4}.Release|Any CPU.ActiveCfg = Release|Any CPU
		{3F2F043B-9F85-46D9-A997-4CB63068C7B4}.Release|Any CPU.Build.0 = Release|Any CPU
		{3F2F043B-9F85-46D9-A997-4CB63068C7B4}.Release|Any CPU.Deploy.0 = Release|Any CPU
		{3F2F043B-9F85-46D9-A997-4CB63068C7B4}.Release|ARM.ActiveCfg = Release|ARM
		{3F2F043B-9F85-46D9-A997-4CB63068C7B4}.Release|ARM.Build.0 = Release|ARM
		{3F2F043B-9F85-46D9-A997-4CB63068C7B4}.Release|ARM.Deploy.0 = Release|ARM
		{3F2F043B-9F85-46D9-A997-4CB63068C7B4}.Release|Win32.ActiveCfg = Release|x86
		{3F2F043B-9F85-46D9-A997-4CB63068C7B4}.Release|Win32.Build.0 = Release|x86
		{3F2F043B-9F85-46D9-A997-4CB63068C7B4}.Release|Win32.Deploy.0 = Release|x86
		{3F2F043B-9F85-46D9-A997-4CB63068C7B4}.Release|x64.ActiveCfg = Release|x64
		{3F2F043B-9F85-46D9-A997-4CB63068C7B4}.Release|x64.Build.0 = Release|x64
		{3F2F043B-9F85-46D9-A997-4CB63068C7B4}.Release|x64.Deploy.0 = Release|x64
		{3F2F043B-9F85-46D9-A997-4CB63068C7B4}.Release|x86.ActiveCfg = Release|x86
		{3F2F043B-9F85-46D9-A997-4CB63068C7B4}.Release|x86.Build.0 = Release|x86
		{3F2F043B-9F85-46D9-A997-4CB63068C7B4}.Release|x86.Deploy.0 = Release|x86
		{DCFF7E2F-0F07-40C6-BB77-FA2A97489C63}.Debug|Any CPU.ActiveCfg = Debug|Any CPU
		{DCFF7E2F-0F07-40C6-BB77-FA2A97489C63}.Debug|Any CPU.Build.0 = Debug|Any CPU
		{DCFF7E2F-0F07-40C6-BB77-FA2A97489C63}.Debug|ARM.ActiveCfg = Debug|ARM
		{DCFF7E2F-0F07-40C6-BB77-FA2A97489C63}.Debug|ARM.Build.0 = Debug|ARM
		{DCFF7E2F-0F07-40C6-BB77-FA2A97489C63}.Debug|Win32.ActiveCfg = Debug|x86
		{DCFF7E2F-0F07-40C6-BB77-FA2A97489C63}.Debug|Win32.Build.0 = Debug|x86
		{DCFF7E2F-0F07-40C6-BB77-FA2A97489C63}.Debug|x64.ActiveCfg = Debug|x64
		{DCFF7E2F-0F07-40C6-BB77-FA2A97489C63}.Debug|x64.Build.0 = Debug|x64
		{DCFF7E2F-0F07-40C6-BB77-FA2A97489C63}.Debug|x86.ActiveCfg = Debug|x86
		{DCFF7E2F-0F07-40C6-BB77-FA2A97489C63}.Debug|x86.Build.0 = Debug|x86
		{DCFF7E2F-0F07-40C6-BB77-FA2A97489C63}.Release|Any CPU.ActiveCfg = Release|Any CPU
		{DCFF7E2F-0F07-40C6-BB77-FA2A97489C63}.Release|Any CPU.Build.0 = Release|Any CPU
		{DCFF7E2F-0F07-40C6-BB77-FA2A97489C63}.Release|ARM.ActiveCfg = Release|ARM
		{DCFF7E2F-0F07-40C6-BB77-FA2A97489C63}.Release|ARM.Build.0 = Release|ARM
		{DCFF7E2F-0F07-40C6-BB77-FA2A97489C63}.Release|Win32.ActiveCfg = Release|x86
		{DCFF7E2F-0F07-40C6-BB77-FA2A97489C63}.Release|Win32.Build.0 = Release|x86
		{DCFF7E2F-0F07-40C6-BB77-FA2A97489C63}.Release|x64.ActiveCfg = Release|x64
		{DCFF7E2F-0F07-40C6-BB77-FA2A97489C63}.Release|x64.Build.0 = Release|x64
		{DCFF7E2F-0F07-40C6-BB77-FA2A97489C63}.Release|x86.ActiveCfg = Release|x86
		{DCFF7E2F-0F07-40C6-BB77-FA2A97489C63}.Release|x86.Build.0 = Release|x86
		{4808709F-6A37-4D17-8E12-C839C2282385}.Debug|Any CPU.ActiveCfg = Debug|Any CPU
		{4808709F-6A37-4D17-8E12-C839C2282385}.Debug|Any CPU.Build.0 = Debug|Any CPU
		{4808709F-6A37-4D17-8E12-C839C2282385}.Debug|ARM.ActiveCfg = Debug|ARM
		{4808709F-6A37-4D17-8E12-C839C2282385}.Debug|ARM.Build.0 = Debug|ARM
		{4808709F-6A37-4D17-8E12-C839C2282385}.Debug|Win32.ActiveCfg = Debug|x86
		{4808709F-6A37-4D17-8E12-C839C2282385}.Debug|Win32.Build.0 = Debug|x86
		{4808709F-6A37-4D17-8E12-C839C2282385}.Debug|x64.ActiveCfg = Debug|x64
		{4808709F-6A37-4D17-8E12-C839C2282385}.Debug|x64.Build.0 = Debug|x64
		{4808709F-6A37-4D17-8E12-C839C2282385}.Debug|x86.ActiveCfg = Debug|x86
		{4808709F-6A37-4D17-8E12-C839C2282385}.Debug|x86.Build.0 = Debug|x86
		{4808709F-6A37-4D17-8E12-C839C2282385}.Release|Any CPU.ActiveCfg = Release|Any CPU
		{4808709F-6A37-4D17-8E12-C839C2282385}.Release|Any CPU.Build.0 = Release|Any CPU
		{4808709F-6A37-4D17-8E12-C839C2282385}.Release|ARM.ActiveCfg = Release|ARM
		{4808709F-6A37-4D17-8E12-C839C2282385}.Release|ARM.Build.0 = Release|ARM
		{4808709F-6A37-4D17-8E12-C839C2282385}.Release|Win32.ActiveCfg = Release|x86
		{4808709F-6A37-4D17-8E12-C839C2282385}.Release|Win32.Build.0 = Release|x86
		{4808709F-6A37-4D17-8E12-C839C2282385}.Release|x64.ActiveCfg = Release|x64
		{4808709F-6A37-4D17-8E12-C839C2282385}.Release|x64.Build.0 = Release|x64
		{4808709F-6A37-4D17-8E12-C839C2282385}.Release|x86.ActiveCfg = Release|x86
		{4808709F-6A37-4D17-8E12-C839C2282385}.Release|x86.Build.0 = Release|x86
		{3BE1E94A-019D-4AF0-B3C6-73CA732D30D8}.Debug|Any CPU.ActiveCfg = Debug|Any CPU
		{3BE1E94A-019D-4AF0-B3C6-73CA732D30D8}.Debug|Any CPU.Build.0 = Debug|Any CPU
		{3BE1E94A-019D-4AF0-B3C6-73CA732D30D8}.Debug|ARM.ActiveCfg = Debug|ARM
		{3BE1E94A-019D-4AF0-B3C6-73CA732D30D8}.Debug|ARM.Build.0 = Debug|ARM
		{3BE1E94A-019D-4AF0-B3C6-73CA732D30D8}.Debug|Win32.ActiveCfg = Debug|x86
		{3BE1E94A-019D-4AF0-B3C6-73CA732D30D8}.Debug|Win32.Build.0 = Debug|x86
		{3BE1E94A-019D-4AF0-B3C6-73CA732D30D8}.Debug|x64.ActiveCfg = Debug|x64
		{3BE1E94A-019D-4AF0-B3C6-73CA732D30D8}.Debug|x64.Build.0 = Debug|x64
		{3BE1E94A-019D-4AF0-B3C6-73CA732D30D8}.Debug|x86.ActiveCfg = Debug|x86
		{3BE1E94A-019D-4AF0-B3C6-73CA732D30D8}.Debug|x86.Build.0 = Debug|x86
		{3BE1E94A-019D-4AF0-B3C6-73CA732D30D8}.Release|Any CPU.ActiveCfg = Release|Any CPU
		{3BE1E94A-019D-4AF0-B3C6-73CA732D30D8}.Release|Any CPU.Build.0 = Release|Any CPU
		{3BE1E94A-019D-4AF0-B3C6-73CA732D30D8}.Release|ARM.ActiveCfg = Release|ARM
		{3BE1E94A-019D-4AF0-B3C6-73CA732D30D8}.Release|ARM.Build.0 = Release|ARM
		{3BE1E94A-019D-4AF0-B3C6-73CA732D30D8}.Release|Win32.ActiveCfg = Release|x86
		{3BE1E94A-019D-4AF0-B3C6-73CA732D30D8}.Release|Win32.Build.0 = Release|x86
		{3BE1E94A-019D-4AF0-B3C6-73CA732D30D8}.Release|x64.ActiveCfg = Release|x64
		{3BE1E94A-019D-4AF0-B3C6-73CA732D30D8}.Release|x64.Build.0 = Release|x64
		{3BE1E94A-019D-4AF0-B3C6-73CA732D30D8}.Release|x86.ActiveCfg = Release|x86
		{3BE1E94A-019D-4AF0-B3C6-73CA732D30D8}.Release|x86.Build.0 = Release|x86
		{36624887-084D-44A3-9EFD-9EEF83C78964}.Debug|Any CPU.ActiveCfg = Debug|Any CPU
		{36624887-084D-44A3-9EFD-9EEF83C78964}.Debug|Any CPU.Build.0 = Debug|Any CPU
		{36624887-084D-44A3-9EFD-9EEF83C78964}.Debug|ARM.ActiveCfg = Debug|ARM
		{36624887-084D-44A3-9EFD-9EEF83C78964}.Debug|ARM.Build.0 = Debug|ARM
		{36624887-084D-44A3-9EFD-9EEF83C78964}.Debug|Win32.ActiveCfg = Debug|x86
		{36624887-084D-44A3-9EFD-9EEF83C78964}.Debug|Win32.Build.0 = Debug|x86
		{36624887-084D-44A3-9EFD-9EEF83C78964}.Debug|x64.ActiveCfg = Debug|x64
		{36624887-084D-44A3-9EFD-9EEF83C78964}.Debug|x64.Build.0 = Debug|x64
		{36624887-084D-44A3-9EFD-9EEF83C78964}.Debug|x86.ActiveCfg = Debug|x86
		{36624887-084D-44A3-9EFD-9EEF83C78964}.Debug|x86.Build.0 = Debug|x86
		{36624887-084D-44A3-9EFD-9EEF83C78964}.Release|Any CPU.ActiveCfg = Release|Any CPU
		{36624887-084D-44A3-9EFD-9EEF83C78964}.Release|Any CPU.Build.0 = Release|Any CPU
		{36624887-084D-44A3-9EFD-9EEF83C78964}.Release|ARM.ActiveCfg = Release|ARM
		{36624887-084D-44A3-9EFD-9EEF83C78964}.Release|ARM.Build.0 = Release|ARM
		{36624887-084D-44A3-9EFD-9EEF83C78964}.Release|Win32.ActiveCfg = Release|x86
		{36624887-084D-44A3-9EFD-9EEF83C78964}.Release|Win32.Build.0 = Release|x86
		{36624887-084D-44A3-9EFD-9EEF83C78964}.Release|x64.ActiveCfg = Release|x64
		{36624887-084D-44A3-9EFD-9EEF83C78964}.Release|x64.Build.0 = Release|x64
		{36624887-084D-44A3-9EFD-9EEF83C78964}.Release|x86.ActiveCfg = Release|x86
		{36624887-084D-44A3-9EFD-9EEF83C78964}.Release|x86.Build.0 = Release|x86
		{9AE6A34F-DDAF-4C8B-9A5F-8E1B341CC173}.Debug|Any CPU.ActiveCfg = Debug|Any CPU
		{9AE6A34F-DDAF-4C8B-9A5F-8E1B341CC173}.Debug|Any CPU.Build.0 = Debug|Any CPU
		{9AE6A34F-DDAF-4C8B-9A5F-8E1B341CC173}.Debug|ARM.ActiveCfg = Debug|ARM
		{9AE6A34F-DDAF-4C8B-9A5F-8E1B341CC173}.Debug|ARM.Build.0 = Debug|ARM
		{9AE6A34F-DDAF-4C8B-9A5F-8E1B341CC173}.Debug|Win32.ActiveCfg = Debug|x86
		{9AE6A34F-DDAF-4C8B-9A5F-8E1B341CC173}.Debug|Win32.Build.0 = Debug|x86
		{9AE6A34F-DDAF-4C8B-9A5F-8E1B341CC173}.Debug|x64.ActiveCfg = Debug|x64
		{9AE6A34F-DDAF-4C8B-9A5F-8E1B341CC173}.Debug|x64.Build.0 = Debug|x64
		{9AE6A34F-DDAF-4C8B-9A5F-8E1B341CC173}.Debug|x86.ActiveCfg = Debug|x86
		{9AE6A34F-DDAF-4C8B-9A5F-8E1B341CC173}.Debug|x86.Build.0 = Debug|x86
		{9AE6A34F-DDAF-4C8B-9A5F-8E1B341CC173}.Release|Any CPU.ActiveCfg = Release|Any CPU
		{9AE6A34F-DDAF-4C8B-9A5F-8E1B341CC173}.Release|Any CPU.Build.0 = Release|Any CPU
		{9AE6A34F-DDAF-4C8B-9A5F-8E1B341CC173}.Release|ARM.ActiveCfg = Release|ARM
		{9AE6A34F-DDAF-4C8B-9A5F-8E1B341CC173}.Release|ARM.Build.0 = Release|ARM
		{9AE6A34F-DDAF-4C8B-9A5F-8E1B341CC173}.Release|Win32.ActiveCfg = Release|x86
		{9AE6A34F-DDAF-4C8B-9A5F-8E1B341CC173}.Release|Win32.Build.0 = Release|x86
		{9AE6A34F-DDAF-4C8B-9A5F-8E1B341CC173}.Release|x64.ActiveCfg = Release|x64
		{9AE6A34F-DDAF-4C8B-9A5F-8E1B341CC173}.Release|x64.Build.0 = Release|x64
		{9AE6A34F-DDAF-4C8B-9A5F-8E1B341CC173}.Release|x86.ActiveCfg = Release|x86
		{9AE6A34F-DDAF-4C8B-9A5F-8E1B341CC173}.Release|x86.Build.0 = Release|x86
		{4C3A4148-43AE-4FD1-825C-A96FA4871381}.Debug|Any CPU.ActiveCfg = Debug|Any CPU
		{4C3A4148-43AE-4FD1-825C-A96FA4871381}.Debug|Any CPU.Build.0 = Debug|Any CPU
		{4C3A4148-43AE-4FD1-825C-A96FA4871381}.Debug|ARM.ActiveCfg = Debug|ARM
		{4C3A4148-43AE-4FD1-825C-A96FA4871381}.Debug|ARM.Build.0 = Debug|ARM
		{4C3A4148-43AE-4FD1-825C-A96FA4871381}.Debug|Win32.ActiveCfg = Debug|x86
		{4C3A4148-43AE-4FD1-825C-A96FA4871381}.Debug|Win32.Build.0 = Debug|x86
		{4C3A4148-43AE-4FD1-825C-A96FA4871381}.Debug|x64.ActiveCfg = Debug|x64
		{4C3A4148-43AE-4FD1-825C-A96FA4871381}.Debug|x64.Build.0 = Debug|x64
		{4C3A4148-43AE-4FD1-825C-A96FA4871381}.Debug|x86.ActiveCfg = Debug|x86
		{4C3A4148-43AE-4FD1-825C-A96FA4871381}.Debug|x86.Build.0 = Debug|x86
		{4C3A4148-43AE-4FD1-825C-A96FA4871381}.Release|Any CPU.ActiveCfg = Release|Any CPU
		{4C3A4148-43AE-4FD1-825C-A96FA4871381}.Release|Any CPU.Build.0 = Release|Any CPU
		{4C3A4148-43AE-4FD1-825C-A96FA4871381}.Release|ARM.ActiveCfg = Release|ARM
		{4C3A4148-43AE-4FD1-825C-A96FA4871381}.Release|ARM.Build.0 = Release|ARM
		{4C3A4148-43AE-4FD1-825C-A96FA4871381}.Release|Win32.ActiveCfg = Release|x86
		{4C3A4148-43AE-4FD1-825C-A96FA4871381}.Release|Win32.Build.0 = Release|x86
		{4C3A4148-43AE-4FD1-825C-A96FA4871381}.Release|x64.ActiveCfg = Release|x64
		{4C3A4148-43AE-4FD1-825C-A96FA4871381}.Release|x64.Build.0 = Release|x64
		{4C3A4148-43AE-4FD1-825C-A96FA4871381}.Release|x86.ActiveCfg = Release|x86
		{4C3A4148-43AE-4FD1-825C-A96FA4871381}.Release|x86.Build.0 = Release|x86
		{5A085948-A9C5-43BE-B564-60C7AC4F6858}.Debug|Any CPU.ActiveCfg = Debug|Any CPU
		{5A085948-A9C5-43BE-B564-60C7AC4F6858}.Debug|Any CPU.Build.0 = Debug|Any CPU
		{5A085948-A9C5-43BE-B564-60C7AC4F6858}.Debug|ARM.ActiveCfg = Debug|ARM
		{5A085948-A9C5-43BE-B564-60C7AC4F6858}.Debug|ARM.Build.0 = Debug|ARM
		{5A085948-A9C5-43BE-B564-60C7AC4F6858}.Debug|Win32.ActiveCfg = Debug|x86
		{5A085948-A9C5-43BE-B564-60C7AC4F6858}.Debug|Win32.Build.0 = Debug|x86
		{5A085948-A9C5-43BE-B564-60C7AC4F6858}.Debug|x64.ActiveCfg = Debug|x64
		{5A085948-A9C5-43BE-B564-60C7AC4F6858}.Debug|x64.Build.0 = Debug|x64
		{5A085948-A9C5-43BE-B564-60C7AC4F6858}.Debug|x86.ActiveCfg = Debug|x86
		{5A085948-A9C5-43BE-B564-60C7AC4F6858}.Debug|x86.Build.0 = Debug|x86
		{5A085948-A9C5-43BE-B564-60C7AC4F6858}.Release|Any CPU.ActiveCfg = Release|Any CPU
		{5A085948-A9C5-43BE-B564-60C7AC4F6858}.Release|Any CPU.Build.0 = Release|Any CPU
		{5A085948-A9C5-43BE-B564-60C7AC4F6858}.Release|ARM.ActiveCfg = Release|ARM
		{5A085948-A9C5-43BE-B564-60C7AC4F6858}.Release|ARM.Build.0 = Release|ARM
		{5A085948-A9C5-43BE-B564-60C7AC4F6858}.Release|Win32.ActiveCfg = Release|x86
		{5A085948-A9C5-43BE-B564-60C7AC4F6858}.Release|Win32.Build.0 = Release|x86
		{5A085948-A9C5-43BE-B564-60C7AC4F6858}.Release|x64.ActiveCfg = Release|x64
		{5A085948-A9C5-43BE-B564-60C7AC4F6858}.Release|x64.Build.0 = Release|x64
		{5A085948-A9C5-43BE-B564-60C7AC4F6858}.Release|x86.ActiveCfg = Release|x86
		{5A085948-A9C5-43BE-B564-60C7AC4F6858}.Release|x86.Build.0 = Release|x86
		{FE121977-BB99-4C73-B511-75D58A4EE857}.Debug|Any CPU.ActiveCfg = Debug|Any CPU
		{FE121977-BB99-4C73-B511-75D58A4EE857}.Debug|Any CPU.Build.0 = Debug|Any CPU
		{FE121977-BB99-4C73-B511-75D58A4EE857}.Debug|ARM.ActiveCfg = Debug|ARM
		{FE121977-BB99-4C73-B511-75D58A4EE857}.Debug|ARM.Build.0 = Debug|ARM
		{FE121977-BB99-4C73-B511-75D58A4EE857}.Debug|Win32.ActiveCfg = Debug|x86
		{FE121977-BB99-4C73-B511-75D58A4EE857}.Debug|Win32.Build.0 = Debug|x86
		{FE121977-BB99-4C73-B511-75D58A4EE857}.Debug|x64.ActiveCfg = Debug|x64
		{FE121977-BB99-4C73-B511-75D58A4EE857}.Debug|x64.Build.0 = Debug|x64
		{FE121977-BB99-4C73-B511-75D58A4EE857}.Debug|x86.ActiveCfg = Debug|x86
		{FE121977-BB99-4C73-B511-75D58A4EE857}.Debug|x86.Build.0 = Debug|x86
		{FE121977-BB99-4C73-B511-75D58A4EE857}.Release|Any CPU.ActiveCfg = Release|Any CPU
		{FE121977-BB99-4C73-B511-75D58A4EE857}.Release|Any CPU.Build.0 = Release|Any CPU
		{FE121977-BB99-4C73-B511-75D58A4EE857}.Release|ARM.ActiveCfg = Release|ARM
		{FE121977-BB99-4C73-B511-75D58A4EE857}.Release|ARM.Build.0 = Release|ARM
		{FE121977-BB99-4C73-B511-75D58A4EE857}.Release|Win32.ActiveCfg = Release|x86
		{FE121977-BB99-4C73-B511-75D58A4EE857}.Release|Win32.Build.0 = Release|x86
		{FE121977-BB99-4C73-B511-75D58A4EE857}.Release|x64.ActiveCfg = Release|x64
		{FE121977-BB99-4C73-B511-75D58A4EE857}.Release|x64.Build.0 = Release|x64
		{FE121977-BB99-4C73-B511-75D58A4EE857}.Release|x86.ActiveCfg = Release|x86
		{FE121977-BB99-4C73-B511-75D58A4EE857}.Release|x86.Build.0 = Release|x86
		{22F99FF7-D1E2-43ED-92EC-D6FCE38A9B65}.Debug|Any CPU.ActiveCfg = Debug|Any CPU
		{22F99FF7-D1E2-43ED-92EC-D6FCE38A9B65}.Debug|Any CPU.Build.0 = Debug|Any CPU
		{22F99FF7-D1E2-43ED-92EC-D6FCE38A9B65}.Debug|Any CPU.Deploy.0 = Debug|Any CPU
		{22F99FF7-D1E2-43ED-92EC-D6FCE38A9B65}.Debug|ARM.ActiveCfg = Debug|ARM
		{22F99FF7-D1E2-43ED-92EC-D6FCE38A9B65}.Debug|ARM.Build.0 = Debug|ARM
		{22F99FF7-D1E2-43ED-92EC-D6FCE38A9B65}.Debug|ARM.Deploy.0 = Debug|ARM
		{22F99FF7-D1E2-43ED-92EC-D6FCE38A9B65}.Debug|Win32.ActiveCfg = Debug|x86
		{22F99FF7-D1E2-43ED-92EC-D6FCE38A9B65}.Debug|Win32.Build.0 = Debug|x86
		{22F99FF7-D1E2-43ED-92EC-D6FCE38A9B65}.Debug|Win32.Deploy.0 = Debug|x86
		{22F99FF7-D1E2-43ED-92EC-D6FCE38A9B65}.Debug|x64.ActiveCfg = Debug|x64
		{22F99FF7-D1E2-43ED-92EC-D6FCE38A9B65}.Debug|x64.Build.0 = Debug|x64
		{22F99FF7-D1E2-43ED-92EC-D6FCE38A9B65}.Debug|x64.Deploy.0 = Debug|x64
		{22F99FF7-D1E2-43ED-92EC-D6FCE38A9B65}.Debug|x86.ActiveCfg = Debug|x86
		{22F99FF7-D1E2-43ED-92EC-D6FCE38A9B65}.Debug|x86.Build.0 = Debug|x86
		{22F99FF7-D1E2-43ED-92EC-D6FCE38A9B65}.Debug|x86.Deploy.0 = Debug|x86
		{22F99FF7-D1E2-43ED-92EC-D6FCE38A9B65}.Release|Any CPU.ActiveCfg = Release|Any CPU
		{22F99FF7-D1E2-43ED-92EC-D6FCE38A9B65}.Release|Any CPU.Build.0 = Release|Any CPU
		{22F99FF7-D1E2-43ED-92EC-D6FCE38A9B65}.Release|Any CPU.Deploy.0 = Release|Any CPU
		{22F99FF7-D1E2-43ED-92EC-D6FCE38A9B65}.Release|ARM.ActiveCfg = Release|ARM
		{22F99FF7-D1E2-43ED-92EC-D6FCE38A9B65}.Release|ARM.Build.0 = Release|ARM
		{22F99FF7-D1E2-43ED-92EC-D6FCE38A9B65}.Release|ARM.Deploy.0 = Release|ARM
		{22F99FF7-D1E2-43ED-92EC-D6FCE38A9B65}.Release|Win32.ActiveCfg = Release|x86
		{22F99FF7-D1E2-43ED-92EC-D6FCE38A9B65}.Release|Win32.Build.0 = Release|x86
		{22F99FF7-D1E2-43ED-92EC-D6FCE38A9B65}.Release|Win32.Deploy.0 = Release|x86
		{22F99FF7-D1E2-43ED-92EC-D6FCE38A9B65}.Release|x64.ActiveCfg = Release|x64
		{22F99FF7-D1E2-43ED-92EC-D6FCE38A9B65}.Release|x64.Build.0 = Release|x64
		{22F99FF7-D1E2-43ED-92EC-D6FCE38A9B65}.Release|x64.Deploy.0 = Release|x64
		{22F99FF7-D1E2-43ED-92EC-D6FCE38A9B65}.Release|x86.ActiveCfg = Release|x86
		{22F99FF7-D1E2-43ED-92EC-D6FCE38A9B65}.Release|x86.Build.0 = Release|x86
		{22F99FF7-D1E2-43ED-92EC-D6FCE38A9B65}.Release|x86.Deploy.0 = Release|x86
		{4AA0F230-C3C4-4FF0-8D0D-960BFD34ACDD}.Debug|Any CPU.ActiveCfg = Debug|Any CPU
		{4AA0F230-C3C4-4FF0-8D0D-960BFD34ACDD}.Debug|Any CPU.Build.0 = Debug|Any CPU
		{4AA0F230-C3C4-4FF0-8D0D-960BFD34ACDD}.Debug|ARM.ActiveCfg = Debug|Any CPU
		{4AA0F230-C3C4-4FF0-8D0D-960BFD34ACDD}.Debug|Win32.ActiveCfg = Debug|Any CPU
		{4AA0F230-C3C4-4FF0-8D0D-960BFD34ACDD}.Debug|x64.ActiveCfg = Debug|Any CPU
		{4AA0F230-C3C4-4FF0-8D0D-960BFD34ACDD}.Debug|x86.ActiveCfg = Debug|Any CPU
		{4AA0F230-C3C4-4FF0-8D0D-960BFD34ACDD}.Release|Any CPU.ActiveCfg = Release|Any CPU
		{4AA0F230-C3C4-4FF0-8D0D-960BFD34ACDD}.Release|Any CPU.Build.0 = Release|Any CPU
		{4AA0F230-C3C4-4FF0-8D0D-960BFD34ACDD}.Release|ARM.ActiveCfg = Release|Any CPU
		{4AA0F230-C3C4-4FF0-8D0D-960BFD34ACDD}.Release|Win32.ActiveCfg = Release|Any CPU
		{4AA0F230-C3C4-4FF0-8D0D-960BFD34ACDD}.Release|x64.ActiveCfg = Release|Any CPU
		{4AA0F230-C3C4-4FF0-8D0D-960BFD34ACDD}.Release|x86.ActiveCfg = Release|Any CPU
		{6E87464B-B064-40CA-8161-7C18C337ADFF}.Debug|Any CPU.ActiveCfg = Debug|Any CPU
		{6E87464B-B064-40CA-8161-7C18C337ADFF}.Debug|Any CPU.Build.0 = Debug|Any CPU
		{6E87464B-B064-40CA-8161-7C18C337ADFF}.Debug|ARM.ActiveCfg = Debug|ARM
		{6E87464B-B064-40CA-8161-7C18C337ADFF}.Debug|ARM.Build.0 = Debug|ARM
		{6E87464B-B064-40CA-8161-7C18C337ADFF}.Debug|Win32.ActiveCfg = Debug|Win32
		{6E87464B-B064-40CA-8161-7C18C337ADFF}.Debug|Win32.Build.0 = Debug|Win32
		{6E87464B-B064-40CA-8161-7C18C337ADFF}.Debug|x64.ActiveCfg = Debug|x64
		{6E87464B-B064-40CA-8161-7C18C337ADFF}.Debug|x64.Build.0 = Debug|x64
		{6E87464B-B064-40CA-8161-7C18C337ADFF}.Debug|x86.ActiveCfg = Debug|x86
		{6E87464B-B064-40CA-8161-7C18C337ADFF}.Debug|x86.Build.0 = Debug|x86
		{6E87464B-B064-40CA-8161-7C18C337ADFF}.Release|Any CPU.ActiveCfg = Release|Any CPU
		{6E87464B-B064-40CA-8161-7C18C337ADFF}.Release|Any CPU.Build.0 = Release|Any CPU
		{6E87464B-B064-40CA-8161-7C18C337ADFF}.Release|ARM.ActiveCfg = Release|ARM
		{6E87464B-B064-40CA-8161-7C18C337ADFF}.Release|ARM.Build.0 = Release|ARM
		{6E87464B-B064-40CA-8161-7C18C337ADFF}.Release|Win32.ActiveCfg = Release|Win32
		{6E87464B-B064-40CA-8161-7C18C337ADFF}.Release|Win32.Build.0 = Release|Win32
		{6E87464B-B064-40CA-8161-7C18C337ADFF}.Release|x64.ActiveCfg = Release|x64
		{6E87464B-B064-40CA-8161-7C18C337ADFF}.Release|x64.Build.0 = Release|x64
		{6E87464B-B064-40CA-8161-7C18C337ADFF}.Release|x86.ActiveCfg = Release|x86
		{6E87464B-B064-40CA-8161-7C18C337ADFF}.Release|x86.Build.0 = Release|x86
		{A52D73A1-6AA5-4BBB-B98E-694F43A49140}.Debug|Any CPU.ActiveCfg = Debug|Any CPU
		{A52D73A1-6AA5-4BBB-B98E-694F43A49140}.Debug|Any CPU.Build.0 = Debug|Any CPU
		{A52D73A1-6AA5-4BBB-B98E-694F43A49140}.Debug|ARM.ActiveCfg = Debug|Any CPU
		{A52D73A1-6AA5-4BBB-B98E-694F43A49140}.Debug|Win32.ActiveCfg = Debug|Any CPU
		{A52D73A1-6AA5-4BBB-B98E-694F43A49140}.Debug|x64.ActiveCfg = Debug|Any CPU
		{A52D73A1-6AA5-4BBB-B98E-694F43A49140}.Debug|x86.ActiveCfg = Debug|Any CPU
		{A52D73A1-6AA5-4BBB-B98E-694F43A49140}.Release|Any CPU.ActiveCfg = Release|Any CPU
		{A52D73A1-6AA5-4BBB-B98E-694F43A49140}.Release|Any CPU.Build.0 = Release|Any CPU
		{A52D73A1-6AA5-4BBB-B98E-694F43A49140}.Release|ARM.ActiveCfg = Release|Any CPU
		{A52D73A1-6AA5-4BBB-B98E-694F43A49140}.Release|Win32.ActiveCfg = Release|Any CPU
		{A52D73A1-6AA5-4BBB-B98E-694F43A49140}.Release|x64.ActiveCfg = Release|Any CPU
		{A52D73A1-6AA5-4BBB-B98E-694F43A49140}.Release|x86.ActiveCfg = Release|Any CPU
	EndGlobalSection
	GlobalSection(SolutionProperties) = preSolution
		HideSolutionNode = FALSE
	EndGlobalSection
	GlobalSection(NestedProjects) = preSolution
		{DCFF7E2F-0F07-40C6-BB77-FA2A97489C63} = {CD56930C-EB7C-4BAE-8203-18695355C461}
		{4808709F-6A37-4D17-8E12-C839C2282385} = {CD56930C-EB7C-4BAE-8203-18695355C461}
		{3BE1E94A-019D-4AF0-B3C6-73CA732D30D8} = {CD56930C-EB7C-4BAE-8203-18695355C461}
		{36624887-084D-44A3-9EFD-9EEF83C78964} = {CD56930C-EB7C-4BAE-8203-18695355C461}
		{9AE6A34F-DDAF-4C8B-9A5F-8E1B341CC173} = {CD56930C-EB7C-4BAE-8203-18695355C461}
		{4C3A4148-43AE-4FD1-825C-A96FA4871381} = {CD56930C-EB7C-4BAE-8203-18695355C461}
		{5A085948-A9C5-43BE-B564-60C7AC4F6858} = {CD56930C-EB7C-4BAE-8203-18695355C461}
		{FE121977-BB99-4C73-B511-75D58A4EE857} = {CD56930C-EB7C-4BAE-8203-18695355C461}
		{22F99FF7-D1E2-43ED-92EC-D6FCE38A9B65} = {CD56930C-EB7C-4BAE-8203-18695355C461}
		{6E87464B-B064-40CA-8161-7C18C337ADFF} = {CD56930C-EB7C-4BAE-8203-18695355C461}
		{3F2F043B-9F85-46D9-A997-4CB63068C7B4} = {CD56930C-EB7C-4BAE-8203-18695355C461}
		{4AA0F230-C3C4-4FF0-8D0D-960BFD34ACDD} = {3ED5A68E-79EF-426F-A581-794BD9456844}
		{A52D73A1-6AA5-4BBB-B98E-694F43A49140} = {3ED5A68E-79EF-426F-A581-794BD9456844}
	EndGlobalSection
EndGlobal
